
Microsoft Visual Studio Solution File, Format Version 12.00
# Visual Studio 15
VisualStudioVersion = 15.0.27428.2005
MinimumVisualStudioVersion = 10.0.40219.1
Project("{9A19103F-16F7-4668-BE54-9A1E7A4F7556}") = "BinaryTree", "BinaryTree\BinaryTree.csproj", "{10FF0B6F-BF0A-4D7C-9732-F41278820EE9}"
EndProject
Project("{FAE04EC0-301F-11D3-BF4B-00C04F79EFBC}") = "Graphs", "Graphs\Graphs.csproj", "{4DA6CCC0-1DA4-46CC-9FF4-B262B919F0AC}"
EndProject
Global
	GlobalSection(SolutionConfigurationPlatforms) = preSolution
		Debug|Any CPU = Debug|Any CPU
		Release|Any CPU = Release|Any CPU
	EndGlobalSection
	GlobalSection(ProjectConfigurationPlatforms) = postSolution
		{10FF0B6F-BF0A-4D7C-9732-F41278820EE9}.Debug|Any CPU.ActiveCfg = Debug|Any CPU
		{10FF0B6F-BF0A-4D7C-9732-F41278820EE9}.Debug|Any CPU.Build.0 = Debug|Any CPU
		{10FF0B6F-BF0A-4D7C-9732-F41278820EE9}.Release|Any CPU.ActiveCfg = Release|Any CPU
		{10FF0B6F-BF0A-4D7C-9732-F41278820EE9}.Release|Any CPU.Build.0 = Release|Any CPU
		{4DA6CCC0-1DA4-46CC-9FF4-B262B919F0AC}.Debug|Any CPU.ActiveCfg = Debug|Any CPU
		{4DA6CCC0-1DA4-46CC-9FF4-B262B919F0AC}.Debug|Any CPU.Build.0 = Debug|Any CPU
		{4DA6CCC0-1DA4-46CC-9FF4-B262B919F0AC}.Release|Any CPU.ActiveCfg = Release|Any CPU
		{4DA6CCC0-1DA4-46CC-9FF4-B262B919F0AC}.Release|Any CPU.Build.0 = Release|Any CPU
	EndGlobalSection
	GlobalSection(SolutionProperties) = preSolution
		HideSolutionNode = FALSE
	EndGlobalSection
	GlobalSection(ExtensibilityGlobals) = postSolution
		SolutionGuid = {7E9432AA-5916-4B06-A5DF-7269CAB524E1}
	EndGlobalSection
EndGlobal
